PODS:
  - Alamofire (4.6.0)
  - Bolts (1.9.0):
    - Bolts/AppLinks (= 1.9.0)
    - Bolts/Tasks (= 1.9.0)
  - Bolts/AppLinks (1.9.0):
    - Bolts/Tasks
  - Bolts/Tasks (1.9.0)
  - CHIPageControl/Fresno (0.1.5)
  - Cosmos (14.0.0)
  - DynamicBlurView (2.0.2)
  - FBSDKCoreKit (4.30.0):
    - Bolts (~> 1.7)
  - FBSDKLoginKit (4.30.0):
    - FBSDKCoreKit
  - FBSDKShareKit (4.30.0):
    - FBSDKCoreKit (~> 4.30.0)
  - Firebase/Auth (4.8.2):
    - Firebase/Core
    - FirebaseAuth (= 4.4.2)
  - Firebase/Core (4.8.2):
    - FirebaseAnalytics (= 4.0.9)
    - FirebaseCore (= 4.0.14)
  - Firebase/Database (4.8.2):
    - Firebase/Core
    - FirebaseDatabase (= 4.1.4)
  - Firebase/Messaging (4.8.2):
    - Firebase/Core
    - FirebaseMessaging (= 2.0.8)
  - Firebase/Storage (4.8.2):
    - Firebase/Core
    - FirebaseStorage (= 2.1.2)
  - FirebaseAnalytics (4.0.9):
    - FirebaseCore (~> 4.0)
    - FirebaseInstanceID (~> 2.0)
    - GoogleToolboxForMac/NSData+zlib (~> 2.1)
    - nanopb (~> 0.3)
  - FirebaseAuth (4.4.2):
    - FirebaseAnalytics (~> 4.0)
    - GoogleToolboxForMac/NSDictionary+URLArguments (~> 2.1)
    - GTMSessionFetcher/Core (~> 1.1)
  - FirebaseCore (4.0.14):
    - GoogleToolboxForMac/NSData+zlib (~> 2.1)
  - FirebaseDatabase (4.1.4):
    - FirebaseAnalytics (~> 4.0)
    - FirebaseCore (~> 4.0)
    - leveldb-library (~> 1.18)
  - FirebaseInstanceID (2.0.8):
    - FirebaseCore (~> 4.0)
  - FirebaseMessaging (2.0.8):
    - FirebaseAnalytics (~> 4.0)
    - FirebaseCore (~> 4.0)
    - FirebaseInstanceID (~> 2.0)
    - GoogleToolboxForMac/Logger (~> 2.1)
    - Protobuf (~> 3.1)
  - FirebaseStorage (2.1.2):
    - FirebaseAnalytics (~> 4.0)
    - FirebaseCore (~> 4.0)
    - GTMSessionFetcher/Core (~> 1.1)
  - GoogleToolboxForMac/DebugUtils (2.1.3):
    - GoogleToolboxForMac/Defines (= 2.1.3)
  - GoogleToolboxForMac/Defines (2.1.3)
  - GoogleToolboxForMac/Logger (2.1.3):
    - GoogleToolboxForMac/Defines (= 2.1.3)
  - GoogleToolboxForMac/NSData+zlib (2.1.3):
    - GoogleToolboxForMac/Defines (= 2.1.3)
  - GoogleToolboxForMac/NSDictionary+URLArguments (2.1.3):
    - GoogleToolboxForMac/DebugUtils (= 2.1.3)
    - GoogleToolboxForMac/Defines (= 2.1.3)
    - GoogleToolboxForMac/NSString+URLArguments (= 2.1.3)
  - GoogleToolboxForMac/NSString+URLArguments (2.1.3)
  - GTMSessionFetcher/Core (1.1.13)
  - IBAnimatable (5.0.0)
  - Kingfisher (4.6.1)
  - leveldb-library (1.20)
  - lottie-ios (2.5.0)
  - Mapbox-iOS-SDK (3.7.3)
  - MarqueeLabel/Swift (3.1.4)
  - Material (2.13.6):
    - Material/Core (= 2.13.6)
  - Material/Core (2.13.6):
    - Motion (~> 1.3.0)
  - Motion (1.3.5):
    - Motion/Core (= 1.3.5)
  - Motion/Core (1.3.5)
  - nanopb (0.3.8):
    - nanopb/decode (= 0.3.8)
    - nanopb/encode (= 0.3.8)
  - nanopb/decode (0.3.8)
  - nanopb/encode (0.3.8)
  - NotificationBannerSwift (1.6.1):
    - MarqueeLabel/Swift
    - SnapKit (~> 4.0)
  - Pastel (0.3.0)
  - PopupDialog (0.7.0):
    - DynamicBlurView (~> 2.0)
  - Protobuf (3.5.0)
  - Pulsator (0.4.1)
  - RevealingSplashView (0.4.0)
  - SHSearchBar (1.4.0)
  - SnapKit (4.0.0)
  - Stripe (12.1.0)

DEPENDENCIES:
  - Alamofire
  - CHIPageControl/Fresno
  - Cosmos
  - FBSDKCoreKit
  - FBSDKLoginKit
  - FBSDKShareKit
  - Firebase/Auth
  - Firebase/Core
  - Firebase/Database
  - Firebase/Messaging
  - Firebase/Storage
  - IBAnimatable
  - Kingfisher (~> 4.0)
  - lottie-ios
  - Mapbox-iOS-SDK (~> 3.7)
  - Material (~> 2.0)
  - NotificationBannerSwift
  - Pastel
  - PopupDialog (~> 0.6)
  - Pulsator
  - RevealingSplashView
  - SHSearchBar
  - Stripe

SPEC CHECKSUMS:
  Alamofire: f41a599bd63041760b26d393ec1069d9d7b917f4
  Bolts: ac6567323eac61e203f6a9763667d0f711be34c8
  CHIPageControl: 79d19a8ee2e35fa3c1da6533adb5364c77b5cfea
  Cosmos: 6dd44b65d587033e690ae1c350c875d262a23fda
  DynamicBlurView: aa6db4defc6e537eb86fc5e58dd3991666178399
  FBSDKCoreKit: 7c4bba2877781a131ab5d54c0a78c405d4307b62
  FBSDKLoginKit: fe7a7e82373dc5daad92e1623219e86224ab1fb1
  FBSDKShareKit: a9427574b51bde4f437262c3f118c4ccfddeef6c
  Firebase: 7d3b8cd837ad9fcd391657734c0d56dab8e9a5a3
  FirebaseAnalytics: 388b630c15713f5dbf364071f5f3d6077fb52f4e
  FirebaseAuth: bd2738c5c1e92b108ba5f7f7335908097a4e50bb
  FirebaseCore: 2e0b98fb2d64ca8140136beff15772bdd14d2dd7
  FirebaseDatabase: de4446507ccd3257fca37d16f40e1540324571fd
  FirebaseInstanceID: 81df5805a08001e69138664bdd02c6719a9ac80f
  FirebaseMessaging: dfdcd307c2382290a1e297a81d0f18370f5b1bcd
  FirebaseStorage: 181bb543d39ee3c53e0558de7ba86b1286a0427f
  GoogleToolboxForMac: 2501e2ad72a52eb3dfe7bd9aee7dad11b858bd20
  GTMSessionFetcher: 5bb1eae636127de695590f50e7d248483eb891e6
  IBAnimatable: aa2286a9cf8fb4ae2e1be85c5287ae56143b024f
  Kingfisher: 1f9157d9c02b380cbd0b7cc890161195164eb634
  leveldb-library: 08cba283675b7ed2d99629a4bc5fd052cd2bb6a5
  lottie-ios: d699fdee68d7b63e721d949388b015fef1aaa4ac
  Mapbox-iOS-SDK: 5304bd9605babe6da9050ea4cb23c1671420b737
  MarqueeLabel: bf768455fe88d427f71476ebb23f9092b660f40b
  Material: ef704dcc1bced32ab7c91ece2ba734da557e3f36
  Motion: 9f74d115d7f72bb5380a8e3cde2f8a1fc898ac36
  nanopb: 5601e6bca2dbf1ed831b519092ec110f66982ca3
  NotificationBannerSwift: 1fc2955381e6eb26d958ba32160fc41721b9b689
  Pastel: 738740c84f2b15bbcd96ebe99c4e6c2f5dd42262
  PopupDialog: 4abc6db5b22b7c8029e2162bde8891ee6aa4b6c8
  Protobuf: 8a9838fba8dae3389230e1b7f8c104aa32389c03
  Pulsator: 89a18d0e0ee2f642bb83cb9dfb6b7eebc1dc6241
  RevealingSplashView: 72be158ad5e1bc72713e8f78383dc3e1803ce4d1
  SHSearchBar: d59fb32d1e26b46bc036b8d551d30683f2479c31
  SnapKit: a42d492c16e80209130a3379f73596c3454b7694
  Stripe: de8bffa8e6813f678d526c52f416fe224141fa09

PODFILE CHECKSUM: 6915c5530f00927f757e1e4c25dd7b479a13aaf8

COCOAPODS: 1.4.0
